{
  "name": "incredibleextension",
  "version": "1.0.0",
  "lockfileVersion": 1,
  "requires": true,
  "dependencies": {
    "router-stupid": {
      "version": "0.7.0",
      "resolved": "https://registry.npmjs.org/router-stupid/-/router-stupid-0.7.0.tgz",
      "integrity": "sha1-LeKUyifvSdZJY9cDhDbn5dblxV8="
    },
    "servedir": {
      "version": "1.0.1",
      "resolved": "https://registry.npmjs.org/servedir/-/servedir-1.0.1.tgz",
      "integrity": "sha512-Ls3x9D0/eebmC9/JYG8BipRac7+e8hBt6TzUw70c/UsY0u2zjxizh+sSJSQDtNa0OxLNbZ9ZudzbwLIOeWQmEw==",
      "requires": {
        "router-stupid": "^0.7.0"
      }
    }
  }
}
